// !$*UTF8*$!
{ archiveVersion = 1; classes = {}; objectVersion = 56; objects = {
70A6689738864430707BF73B = { isa = PBXFileReference; lastKnownFileType = sourcecode.swift; path = "Montagebericht/Calendar/CalendarService.swift"; sourceTree = SOURCE_ROOT; };
BA0682E9BA136686C0795746 = { isa = PBXFileReference; lastKnownFileType = sourcecode.swift; path = "Montagebericht/Calendar/ICSImport.swift"; sourceTree = SOURCE_ROOT; };
116E85B44798F6DF0174910D = { isa = PBXFileReference; lastKnownFileType = sourcecode.swift; path = "Montagebericht/Models/Report.swift"; sourceTree = SOURCE_ROOT; };
EF5430AF81E0FB6B0A03F92B = { isa = PBXFileReference; lastKnownFileType = sourcecode.swift; path = "Montagebericht/MontageberichtApp.swift"; sourceTree = SOURCE_ROOT; };
0392D078884F40BA75C0030C = { isa = PBXFileReference; lastKnownFileType = sourcecode.swift; path = "Montagebericht/PDF/ReportPDF.swift"; sourceTree = SOURCE_ROOT; };
E73128FB5334F57E0C75746C = { isa = PBXFileReference; lastKnownFileType = sourcecode.swift; path = "Montagebericht/Sharing/SharingViews.swift"; sourceTree = SOURCE_ROOT; };
F8AAA5AE3CD33CD25D4281BD = { isa = PBXFileReference; lastKnownFileType = sourcecode.swift; path = "Montagebericht/Signature/SignatureView.swift"; sourceTree = SOURCE_ROOT; };
1CE5A32A12361018BEFF572A = { isa = PBXFileReference; lastKnownFileType = sourcecode.swift; path = "Montagebericht/Storage/PortableReport.swift"; sourceTree = SOURCE_ROOT; };
E73E99C13ABBFC3B5708EC37 = { isa = PBXFileReference; lastKnownFileType = sourcecode.swift; path = "Montagebericht/Storage/ReportStore.swift"; sourceTree = SOURCE_ROOT; };
2E58D9185574D86B184834B5 = { isa = PBXFileReference; lastKnownFileType = sourcecode.swift; path = "Montagebericht/Views/CalendarPicker.swift"; sourceTree = SOURCE_ROOT; };
891E97756B2A4ADBDFEBCA99 = { isa = PBXFileReference; lastKnownFileType = sourcecode.swift; path = "Montagebericht/Views/ReportEditor.swift"; sourceTree = SOURCE_ROOT; };
3513C2634F0D99815D5E3C0F = { isa = PBXFileReference; lastKnownFileType = sourcecode.swift; path = "Montagebericht/Views/ReportListView.swift"; sourceTree = SOURCE_ROOT; };
8BCDEDC68F152D73594EABA2 = { isa = PBXFileReference; lastKnownFileType = sourcecode.swift; path = "MontageberichtTests/MontageberichtTests.swift"; sourceTree = SOURCE_ROOT; };
35BC62ECE4B3477FAD0BA773 = { isa = PBXFileReference; lastKnownFileType = image.png; path = "Montagebericht/Assets/company-logo.png"; sourceTree = SOURCE_ROOT; };
1BC15AFA9711619556EA666C = { isa = PBXFileReference; lastKnownFileType = folder.assetcatalog; path = "Montagebericht/Assets/Assets.xcassets"; sourceTree = SOURCE_ROOT; };
22428BC54147316786DC7589 = { isa = PBXFileReference; lastKnownFileType = text.xml; path = "Montagebericht/PrivacyInfo.xcprivacy"; sourceTree = SOURCE_ROOT; };
A75643F859A3E9A024B93C23 = { isa = PBXBuildFile; fileRef = 70A6689738864430707BF73B; };
D095809BA976E0859323C129 = { isa = PBXBuildFile; fileRef = BA0682E9BA136686C0795746; };
1AD68C3113D6BF415071B593 = { isa = PBXBuildFile; fileRef = 116E85B44798F6DF0174910D; };
4B85909F020C62065F8FE4E6 = { isa = PBXBuildFile; fileRef = EF5430AF81E0FB6B0A03F92B; };
7A2641BAE7335874D4B8BA87 = { isa = PBXBuildFile; fileRef = 0392D078884F40BA75C0030C; };
5E162143C99E1146169D71A6 = { isa = PBXBuildFile; fileRef = E73128FB5334F57E0C75746C; };
8A4DB14DFC5A4BE89EF847DD = { isa = PBXBuildFile; fileRef = F8AAA5AE3CD33CD25D4281BD; };
2C6D570257CFAEC85B1B83D1 = { isa = PBXBuildFile; fileRef = 1CE5A32A12361018BEFF572A; };
FBD218B501BA5CF37A35DF82 = { isa = PBXBuildFile; fileRef = E73E99C13ABBFC3B5708EC37; };
E31C4BA2C4AF76FE7D5AAE97 = { isa = PBXBuildFile; fileRef = 2E58D9185574D86B184834B5; };
9888DD76DA6CB7ACF2FFD8B2 = { isa = PBXBuildFile; fileRef = 891E97756B2A4ADBDFEBCA99; };
5FAEA66BEC2835348D756DF7 = { isa = PBXBuildFile; fileRef = 3513C2634F0D99815D5E3C0F; };
D8AFF257B45D0C513672EC45 = { isa = PBXSourcesBuildPhase; buildActionMask = 2147483647; files = (A75643F859A3E9A024B93C23,D095809BA976E0859323C129,1AD68C3113D6BF415071B593,4B85909F020C62065F8FE4E6,7A2641BAE7335874D4B8BA87,5E162143C99E1146169D71A6,8A4DB14DFC5A4BE89EF847DD,2C6D570257CFAEC85B1B83D1,FBD218B501BA5CF37A35DF82,E31C4BA2C4AF76FE7D5AAE97,9888DD76DA6CB7ACF2FFD8B2,5FAEA66BEC2835348D756DF7,); runOnlyForDeploymentPostprocessing = 0; };
73DFA236DB3221A32F345FBF = { isa = PBXBuildFile; fileRef = 35BC62ECE4B3477FAD0BA773; };
4BE2E26AAD4445F5A329A32A = { isa = PBXBuildFile; fileRef = 1BC15AFA9711619556EA666C; };
FA044BCE9DEBDBD2212A3178 = { isa = PBXBuildFile; fileRef = 22428BC54147316786DC7589; };
DC549ACCB7C726C62ECFD4E2 = { isa = PBXResourcesBuildPhase; buildActionMask = 2147483647; files = (73DFA236DB3221A32F345FBF,4BE2E26AAD4445F5A329A32A,FA044BCE9DEBDBD2212A3178,); runOnlyForDeploymentPostprocessing = 0; };
91024282FFD499F5807DB5BC = { isa = PBXFrameworksBuildPhase; buildActionMask = 2147483647; files = (); runOnlyForDeploymentPostprocessing = 0; };
9E4897E4E0816F4DA8BA4F91 = { isa = PBXBuildFile; fileRef = 8BCDEDC68F152D73594EABA2; };
B2298129A58493C45A5D7D9A = { isa = PBXSourcesBuildPhase; buildActionMask = 2147483647; files = (9E4897E4E0816F4DA8BA4F91,); runOnlyForDeploymentPostprocessing = 0; };
28557525D9B40FEE6754FB60 = { isa = PBXFrameworksBuildPhase; buildActionMask = 2147483647; files = (); runOnlyForDeploymentPostprocessing = 0; };
763D774377779C412BB71F6F = { isa = PBXFileReference; explicitFileType = wrapper.application; path = Montagebericht.app; sourceTree = BUILT_PRODUCTS_DIR; };
00444E2C37DD529B70E931A2 = { isa = PBXFileReference; explicitFileType = wrapper.cfbundle; path = MontageberichtTests.xctest; sourceTree = BUILT_PRODUCTS_DIR; };
0A3E27B8CA818264D75C8D81 = { isa = PBXGroup; name = Products; children = (763D774377779C412BB71F6F,00444E2C37DD529B70E931A2,); sourceTree = "<group>"; };
E991C021ABBD2DA6DF032C23 = { isa = PBXGroup; children = (70A6689738864430707BF73B,BA0682E9BA136686C0795746,116E85B44798F6DF0174910D,EF5430AF81E0FB6B0A03F92B,0392D078884F40BA75C0030C,E73128FB5334F57E0C75746C,F8AAA5AE3CD33CD25D4281BD,1CE5A32A12361018BEFF572A,E73E99C13ABBFC3B5708EC37,2E58D9185574D86B184834B5,891E97756B2A4ADBDFEBCA99,3513C2634F0D99815D5E3C0F,8BCDEDC68F152D73594EABA2,35BC62ECE4B3477FAD0BA773,1BC15AFA9711619556EA666C,22428BC54147316786DC7589,0A3E27B8CA818264D75C8D81,); sourceTree = "<group>"; };
184B519F8E1416CCE38CFFD7 = { isa = XCBuildConfiguration; name = Debug; buildSettings = { IPHONEOS_DEPLOYMENT_TARGET = "17.0"; SWIFT_VERSION = "5.0"; CLANG_ENABLE_MODULES = "YES"; CLANG_ENABLE_OBJC_ARC = "YES"; GCC_C_LANGUAGE_STANDARD = "gnu17"; SDKROOT = "iphoneos"; ENABLE_USER_SCRIPT_SANDBOXING = "YES"; SWIFT_STRICT_CONCURRENCY = "targeted"; SWIFT_TREAT_WARNINGS_AS_ERRORS = "YES"; COPY_PHASE_STRIP = "NO"; SWIFT_OPTIMIZATION_LEVEL = "-Onone"; DEBUG_INFORMATION_FORMAT = "dwarf"; ENABLE_TESTABILITY = "YES"; SWIFT_ACTIVE_COMPILATION_CONDITIONS = "DEBUG"; }; };
A824290273A346217D9BE6F4 = { isa = XCBuildConfiguration; name = Release; buildSettings = { IPHONEOS_DEPLOYMENT_TARGET = "17.0"; SWIFT_VERSION = "5.0"; CLANG_ENABLE_MODULES = "YES"; CLANG_ENABLE_OBJC_ARC = "YES"; GCC_C_LANGUAGE_STANDARD = "gnu17"; SDKROOT = "iphoneos"; ENABLE_USER_SCRIPT_SANDBOXING = "YES"; SWIFT_STRICT_CONCURRENCY = "targeted"; SWIFT_TREAT_WARNINGS_AS_ERRORS = "YES"; COPY_PHASE_STRIP = "NO"; SWIFT_OPTIMIZATION_LEVEL = "-O"; DEBUG_INFORMATION_FORMAT = "dwarf-with-dsym"; }; };
1922B098E983995960BE56B0 = { isa = XCConfigurationList; buildConfigurations = (184B519F8E1416CCE38CFFD7,A824290273A346217D9BE6F4,); defaultConfigurationIsVisible = 0; defaultConfigurationName = Release; };
0D9B6C467828201280D620A8 = { isa = XCBuildConfiguration; name = Debug; buildSettings = { IPHONEOS_DEPLOYMENT_TARGET = "17.0"; SWIFT_VERSION = "5.0"; CLANG_ENABLE_MODULES = "YES"; CLANG_ENABLE_OBJC_ARC = "YES"; GCC_C_LANGUAGE_STANDARD = "gnu17"; SDKROOT = "iphoneos"; ENABLE_USER_SCRIPT_SANDBOXING = "YES"; SWIFT_STRICT_CONCURRENCY = "targeted"; SWIFT_TREAT_WARNINGS_AS_ERRORS = "YES"; COPY_PHASE_STRIP = "NO"; PRODUCT_BUNDLE_IDENTIFIER = "de.gustavschmidt.montagebericht"; PRODUCT_NAME = "Montagebericht"; INFOPLIST_FILE = "Montagebericht/Info.plist"; GENERATE_INFOPLIST_FILE = "NO"; TARGETED_DEVICE_FAMILY = "1,2"; SUPPORTED_PLATFORMS = "iphoneos iphonesimulator"; CODE_SIGN_STYLE = "Automatic"; MARKETING_VERSION = "0.1.0"; CURRENT_PROJECT_VERSION = "1"; ASSETCATALOG_COMPILER_APPICON_NAME = "AppIcon"; LD_RUNPATH_SEARCH_PATHS = "$(inherited) @executable_path/Frameworks"; SWIFT_OPTIMIZATION_LEVEL = "-Onone"; DEBUG_INFORMATION_FORMAT = "dwarf"; ENABLE_TESTABILITY = "YES"; SWIFT_ACTIVE_COMPILATION_CONDITIONS = "DEBUG"; }; };
E532E4CDC1E6865CE523475E = { isa = XCBuildConfiguration; name = Release; buildSettings = { IPHONEOS_DEPLOYMENT_TARGET = "17.0"; SWIFT_VERSION = "5.0"; CLANG_ENABLE_MODULES = "YES"; CLANG_ENABLE_OBJC_ARC = "YES"; GCC_C_LANGUAGE_STANDARD = "gnu17"; SDKROOT = "iphoneos"; ENABLE_USER_SCRIPT_SANDBOXING = "YES"; SWIFT_STRICT_CONCURRENCY = "targeted"; SWIFT_TREAT_WARNINGS_AS_ERRORS = "YES"; COPY_PHASE_STRIP = "NO"; PRODUCT_BUNDLE_IDENTIFIER = "de.gustavschmidt.montagebericht"; PRODUCT_NAME = "Montagebericht"; INFOPLIST_FILE = "Montagebericht/Info.plist"; GENERATE_INFOPLIST_FILE = "NO"; TARGETED_DEVICE_FAMILY = "1,2"; SUPPORTED_PLATFORMS = "iphoneos iphonesimulator"; CODE_SIGN_STYLE = "Automatic"; MARKETING_VERSION = "0.1.0"; CURRENT_PROJECT_VERSION = "1"; ASSETCATALOG_COMPILER_APPICON_NAME = "AppIcon"; LD_RUNPATH_SEARCH_PATHS = "$(inherited) @executable_path/Frameworks"; SWIFT_OPTIMIZATION_LEVEL = "-O"; DEBUG_INFORMATION_FORMAT = "dwarf-with-dsym"; }; };
7FA7C6DD60DC323C7F3FA76C = { isa = XCConfigurationList; buildConfigurations = (0D9B6C467828201280D620A8,E532E4CDC1E6865CE523475E,); defaultConfigurationIsVisible = 0; defaultConfigurationName = Release; };
2D78CCEA355AAA4DECA10BA5 = { isa = XCBuildConfiguration; name = Debug; buildSettings = { IPHONEOS_DEPLOYMENT_TARGET = "17.0"; SWIFT_VERSION = "5.0"; CLANG_ENABLE_MODULES = "YES"; CLANG_ENABLE_OBJC_ARC = "YES"; GCC_C_LANGUAGE_STANDARD = "gnu17"; SDKROOT = "iphoneos"; ENABLE_USER_SCRIPT_SANDBOXING = "YES"; SWIFT_STRICT_CONCURRENCY = "targeted"; SWIFT_TREAT_WARNINGS_AS_ERRORS = "YES"; COPY_PHASE_STRIP = "NO"; PRODUCT_BUNDLE_IDENTIFIER = "de.gustavschmidt.montagebericht.tests"; PRODUCT_NAME = "MontageberichtTests"; GENERATE_INFOPLIST_FILE = "YES"; TARGETED_DEVICE_FAMILY = "1,2"; TEST_HOST = "$(BUILT_PRODUCTS_DIR)/Montagebericht.app/$(BUNDLE_EXECUTABLE_FOLDER_PATH)/Montagebericht"; BUNDLE_LOADER = "$(TEST_HOST)"; LD_RUNPATH_SEARCH_PATHS = "$(inherited) @executable_path/Frameworks @loader_path/Frameworks"; CODE_SIGN_STYLE = "Automatic"; SWIFT_OPTIMIZATION_LEVEL = "-Onone"; DEBUG_INFORMATION_FORMAT = "dwarf"; ENABLE_TESTABILITY = "YES"; SWIFT_ACTIVE_COMPILATION_CONDITIONS = "DEBUG"; }; };
F1D4FEDE61515AFDB9B202CA = { isa = XCBuildConfiguration; name = Release; buildSettings = { IPHONEOS_DEPLOYMENT_TARGET = "17.0"; SWIFT_VERSION = "5.0"; CLANG_ENABLE_MODULES = "YES"; CLANG_ENABLE_OBJC_ARC = "YES"; GCC_C_LANGUAGE_STANDARD = "gnu17"; SDKROOT = "iphoneos"; ENABLE_USER_SCRIPT_SANDBOXING = "YES"; SWIFT_STRICT_CONCURRENCY = "targeted"; SWIFT_TREAT_WARNINGS_AS_ERRORS = "YES"; COPY_PHASE_STRIP = "NO"; PRODUCT_BUNDLE_IDENTIFIER = "de.gustavschmidt.montagebericht.tests"; PRODUCT_NAME = "MontageberichtTests"; GENERATE_INFOPLIST_FILE = "YES"; TARGETED_DEVICE_FAMILY = "1,2"; TEST_HOST = "$(BUILT_PRODUCTS_DIR)/Montagebericht.app/$(BUNDLE_EXECUTABLE_FOLDER_PATH)/Montagebericht"; BUNDLE_LOADER = "$(TEST_HOST)"; LD_RUNPATH_SEARCH_PATHS = "$(inherited) @executable_path/Frameworks @loader_path/Frameworks"; CODE_SIGN_STYLE = "Automatic"; SWIFT_OPTIMIZATION_LEVEL = "-O"; DEBUG_INFORMATION_FORMAT = "dwarf-with-dsym"; }; };
3AC24B37B5C6634D049790CE = { isa = XCConfigurationList; buildConfigurations = (2D78CCEA355AAA4DECA10BA5,F1D4FEDE61515AFDB9B202CA,); defaultConfigurationIsVisible = 0; defaultConfigurationName = Release; };
AC44A5EE06496B21A17CA082 = { isa = PBXNativeTarget; buildConfigurationList = 7FA7C6DD60DC323C7F3FA76C; buildPhases = (D8AFF257B45D0C513672EC45,91024282FFD499F5807DB5BC,DC549ACCB7C726C62ECFD4E2,); buildRules = (); dependencies = (); name = Montagebericht; productName = Montagebericht; productReference = 763D774377779C412BB71F6F; productType = "com.apple.product-type.application"; };
1241936D4DD3AAD68FE7BFBD = { isa = PBXContainerItemProxy; containerPortal = 244210E48437B6556980A702; proxyType = 1; remoteGlobalIDString = AC44A5EE06496B21A17CA082; remoteInfo = Montagebericht; };
F26350DAFE3F19AABFD69AC4 = { isa = PBXTargetDependency; target = AC44A5EE06496B21A17CA082; targetProxy = 1241936D4DD3AAD68FE7BFBD; };
3A0C9CEF9D8F3BC090274361 = { isa = PBXNativeTarget; buildConfigurationList = 3AC24B37B5C6634D049790CE; buildPhases = (B2298129A58493C45A5D7D9A,28557525D9B40FEE6754FB60,); buildRules = (); dependencies = (F26350DAFE3F19AABFD69AC4,); name = MontageberichtTests; productName = MontageberichtTests; productReference = 00444E2C37DD529B70E931A2; productType = "com.apple.product-type.bundle.unit-test"; };
244210E48437B6556980A702 = { isa = PBXProject; attributes = { LastUpgradeCheck = 1600; TargetAttributes = { AC44A5EE06496B21A17CA082 = { CreatedOnToolsVersion = 16.0; }; 3A0C9CEF9D8F3BC090274361 = { CreatedOnToolsVersion = 16.0; TestTargetID = AC44A5EE06496B21A17CA082; }; }; }; buildConfigurationList = 1922B098E983995960BE56B0; compatibilityVersion = "Xcode 14.0"; developmentRegion = de; hasScannedForEncodings = 0; knownRegions = (de,en,Base); mainGroup = E991C021ABBD2DA6DF032C23; productRefGroup = 0A3E27B8CA818264D75C8D81; projectDirPath = ""; projectRoot = ""; targets = (AC44A5EE06496B21A17CA082,3A0C9CEF9D8F3BC090274361,); };
}; rootObject = 244210E48437B6556980A702; }
